
Microsoft Visual Studio Solution File, Format Version 12.00
# Visual Studio 15
VisualStudioVersion = 15.0.28307.489
MinimumVisualStudioVersion = 10.0.40219.1
Project("{FAE04EC0-301F-11D3-BF4B-00C04F79EFBC}") = "API", "API\API.csproj", "{FA3F3375-4A04-4B76-90D9-CA04B70FD1FB}"
EndProject
Global
	GlobalSection(SolutionConfigurationPlatforms) = preSolution
		Debug|Any CPU = Debug|Any CPU
		Release|Any CPU = Release|Any CPU
	EndGlobalSection
	GlobalSection(ProjectConfigurationPlatforms) = postSolution
		{FA3F3375-4A04-4B76-90D9-CA04B70FD1FB}.Debug|Any CPU.ActiveCfg = Debug|Any CPU
		{FA3F3375-4A04-4B76-90D9-CA04B70FD1FB}.Debug|Any CPU.Build.0 = Debug|Any CPU
		{FA3F3375-4A04-4B76-90D9-CA04B70FD1FB}.Release|Any CPU.ActiveCfg = Release|Any CPU
		{FA3F3375-4A04-4B76-90D9-CA04B70FD1FB}.Release|Any CPU.Build.0 = Release|Any CPU
	EndGlobalSection
	GlobalSection(SolutionProperties) = preSolution
		HideSolutionNode = FALSE
	EndGlobalSection
	GlobalSection(ExtensibilityGlobals) = postSolution
		SolutionGuid = {E34DE3F2-962A-4066-8C20-F7C1D69E57EB}
	EndGlobalSection
EndGlobal
